<?xml version="1.0" encoding="utf-8"?>
<Project ToolsVersion="4.0" xmlns="http://schemas.microsoft.com/developer/msbuild/2003">
  <ItemGroup>
    <Filter Include="Source Files">
      <UniqueIdentifier>{4FC737F1-C7A5-4376-A066-2A32D752A2FF}</UniqueIdentifier>
      <Extensions>cpp;c;cc;cxx;def;odl;idl;hpj;bat;asm;asmx</Extensions>
    </Filter>
    <Filter Include="Header Files">
      <UniqueIdentifier>{93995380-89BD-4b04-88EB-625FBE52EBFB}</UniqueIdentifier>
      <Extensions>h;hpp;hxx;hm;inl;inc;xsd</Extensions>
    </Filter>
    <Filter Include="Resource Files">
      <UniqueIdentifier>{67DA6AB6-F800-4c08-8B7A-83BB121AAD01}</UniqueIdentifier>
      <Extensions>rc;ico;cur;bmp;dlg;rc2;rct;bin;rgs;gif;jpg;jpeg;jpe;resx;tiff;tif;png;wav</Extensions>
    </Filter>
    <Filter Include="Blocks">
      <UniqueIdentifier>{8B6D7E9B-B2C1-4B8D-BB62-36767DF8A294}</UniqueIdentifier>
    </Filter>
    <Filter Include="Blocks\GlslParams">
      <UniqueIdentifier>{06A9E20C-09B5-4FD9-89A4-3D6A72C9C8D9}</UniqueIdentifier>
    </Filter>
    <Filter Include="Blocks\GlslParams\src">
      <UniqueIdentifier>{2923DABE-07BF-4465-B7FC-621790C52832}</UniqueIdentifier>
    </Filter>
    <Filter Include="Blocks\OSC">
      <UniqueIdentifier>{12D25DA4-F88D-4010-9D0C-4EDC120DB0E7}</UniqueIdentifier>
    </Filter>
    <Filter Include="Blocks\OSC\src">
      <UniqueIdentifier>{66E354C4-FE37-45E1-8D86-38F64126B8F6}</UniqueIdentifier>
    </Filter>
    <Filter Include="Blocks\OSC\src\cinder">
      <UniqueIdentifier>{DC6A818C-9B16-4E43-A4C6-203F84CC6998}</UniqueIdentifier>
    </Filter>
    <Filter Include="Blocks\OSC\src\cinder\osc">
      <UniqueIdentifier>{6C10A360-9036-4A83-9AE8-84E867E35473}</UniqueIdentifier>
    </Filter>
    <Filter Include="Blocks\UI">
      <UniqueIdentifier>{9BF71781-A05C-477E-8542-1BFA938FCB85}</UniqueIdentifier>
    </Filter>
    <Filter Include="Blocks\UI\src">
      <UniqueIdentifier>{AF6FC34C-902B-45CF-9346-F6F1E63FA89B}</UniqueIdentifier>
    </Filter>
    <Filter Include="Blocks\Watchdog">
      <UniqueIdentifier>{F40D9111-439A-45E7-B6E3-EBECD45CD76C}</UniqueIdentifier>
    </Filter>
    <Filter Include="Blocks\Watchdog\include">
      <UniqueIdentifier>{986D3EA8-79E5-4059-B9DE-B09B32CD88CD}</UniqueIdentifier>
    </Filter>
    <Filter Include="Blocks\Tiler">
      <UniqueIdentifier>{254303e5-4797-4bc3-8500-d93b3264c8d3}</UniqueIdentifier>
    </Filter>
    <Filter Include="Blocks\SaveLoadCamera">
      <UniqueIdentifier>{2eab53f9-5bf0-4a54-9e88-e44f5c3022f2}</UniqueIdentifier>
    </Filter>
    <Filter Include="Blocks\SaveLoadWindow">
      <UniqueIdentifier>{3e5c035a-6ce3-462a-9540-a359a44c90a2}</UniqueIdentifier>
    </Filter>
    <Filter Include="Blocks\AppUI">
      <UniqueIdentifier>{bcd63fcd-654b-400c-8e3e-c393b7e8c1ce}</UniqueIdentifier>
    </Filter>
    <Filter Include="Blocks\LiveCode">
      <UniqueIdentifier>{0eb7ca65-8b9e-4c21-ab9a-49076dcb753b}</UniqueIdentifier>
    </Filter>
    <Filter Include="Blocks\EasyCamera">
      <UniqueIdentifier>{c89a5d9b-e901-48b5-8740-276accdd451a}</UniqueIdentifier>
    </Filter>
    <Filter Include="Blocks\ParticleSystem">
      <UniqueIdentifier>{f455e89b-2550-498a-9dcc-16a0a32bfee7}</UniqueIdentifier>
    </Filter>
    <Filter Include="Blocks\AppPaths">
      <UniqueIdentifier>{4bb1b941-3654-403d-9966-0deebd4ddcc0}</UniqueIdentifier>
    </Filter>
    <Filter Include="Blocks\SequenceSaver">
      <UniqueIdentifier>{6d0b3f88-45de-49bd-8f5d-c95271eb32c6}</UniqueIdentifier>
    </Filter>
    <Filter Include="Blocks\MovieSaver">
      <UniqueIdentifier>{6bcf4929-68d0-4968-97a6-30ee400b7c98}</UniqueIdentifier>
    </Filter>
    <Filter Include="Blocks\ImageSaver">
      <UniqueIdentifier>{5dccc650-07d6-4822-957c-c89007773d78}</UniqueIdentifier>
    </Filter>
    <Filter Include="Blocks\ParticleSystem\Systems">
      <UniqueIdentifier>{4fe0dc03-38c8-441b-bc26-6c5593d236c7}</UniqueIdentifier>
    </Filter>
    <Filter Include="Blocks\ParticleSystem\Renderers">
      <UniqueIdentifier>{eb3d99f4-8e50-4f37-b77c-95eaf62eb219}</UniqueIdentifier>
    </Filter>
  </ItemGroup>
  <ItemGroup>
    <ClInclude Include="..\include\Resources.h">
      <Filter>Header Files</Filter>
    </ClInclude>
    <ClInclude Include="..\..\..\..\blocks\GlslParams\src\GlslParams.h">
      <Filter>Blocks\GlslParams\src</Filter>
    </ClInclude>
    <ClCompile Include="..\..\..\..\blocks\GlslParams\src\GlslParams.cpp">
      <Filter>Blocks\GlslParams\src</Filter>
    </ClCompile>
    <ClCompile Include="..\..\..\..\blocks\OSC\src\cinder\osc\Osc.cpp">
      <Filter>Blocks\OSC\src\cinder\osc</Filter>
    </ClCompile>
    <ClInclude Include="..\..\..\..\blocks\OSC\src\cinder\osc\Osc.h">
      <Filter>Blocks\OSC\src\cinder\osc</Filter>
    </ClInclude>
    <ClInclude Include="..\..\..\..\blocks\UI\src\Alignments.h">
      <Filter>Blocks\UI\src</Filter>
    </ClInclude>
    <ClInclude Include="..\..\..\..\blocks\UI\src\BSplineEditor.h">
      <Filter>Blocks\UI\src</Filter>
    </ClInclude>
    <ClInclude Include="..\..\..\..\blocks\UI\src\Button.h">
      <Filter>Blocks\UI\src</Filter>
    </ClInclude>
    <ClInclude Include="..\..\..\..\blocks\UI\src\Canvas.h">
      <Filter>Blocks\UI\src</Filter>
    </ClInclude>
    <ClInclude Include="..\..\..\..\blocks\UI\src\CocoaWindowCanvas.h">
      <Filter>Blocks\UI\src</Filter>
    </ClInclude>
    <ClInclude Include="..\..\..\..\blocks\UI\src\ColorPicker.h">
      <Filter>Blocks\UI\src</Filter>
    </ClInclude>
    <ClInclude Include="..\..\..\..\blocks\UI\src\Colors.h">
      <Filter>Blocks\UI\src</Filter>
    </ClInclude>
    <ClInclude Include="..\..\..\..\blocks\UI\src\Control.h">
      <Filter>Blocks\UI\src</Filter>
    </ClInclude>
    <ClInclude Include="..\..\..\..\blocks\UI\src\Controls.h">
      <Filter>Blocks\UI\src</Filter>
    </ClInclude>
    <ClInclude Include="..\..\..\..\blocks\UI\src\ControlWithLabel.h">
      <Filter>Blocks\UI\src</Filter>
    </ClInclude>
    <ClInclude Include="..\..\..\..\blocks\UI\src\Dialer.h">
      <Filter>Blocks\UI\src</Filter>
    </ClInclude>
    <ClInclude Include="..\..\..\..\blocks\UI\src\Directions.h">
      <Filter>Blocks\UI\src</Filter>
    </ClInclude>
    <ClInclude Include="..\..\..\..\blocks\UI\src\Envelope.h">
      <Filter>Blocks\UI\src</Filter>
    </ClInclude>
    <ClInclude Include="..\..\..\..\blocks\UI\src\FontSizes.h">
      <Filter>Blocks\UI\src</Filter>
    </ClInclude>
    <ClInclude Include="..\..\..\..\blocks\UI\src\Fps.h">
      <Filter>Blocks\UI\src</Filter>
    </ClInclude>
    <ClInclude Include="..\..\..\..\blocks\UI\src\Globals.h">
      <Filter>Blocks\UI\src</Filter>
    </ClInclude>
    <ClInclude Include="..\..\..\..\blocks\UI\src\Graph.h">
      <Filter>Blocks\UI\src</Filter>
    </ClInclude>
    <ClInclude Include="..\..\..\..\blocks\UI\src\Helpers.h">
      <Filter>Blocks\UI\src</Filter>
    </ClInclude>
    <ClInclude Include="..\..\..\..\blocks\UI\src\Label.h">
      <Filter>Blocks\UI\src</Filter>
    </ClInclude>
    <ClInclude Include="..\..\..\..\blocks\UI\src\MultiSlider.h">
      <Filter>Blocks\UI\src</Filter>
    </ClInclude>
    <ClInclude Include="..\..\..\..\blocks\UI\src\Padding.h">
      <Filter>Blocks\UI\src</Filter>
    </ClInclude>
    <ClInclude Include="..\..\..\..\blocks\UI\src\Plotter.h">
      <Filter>Blocks\UI\src</Filter>
    </ClInclude>
    <ClInclude Include="..\..\..\..\blocks\UI\src\QuaternionOrderer.h">
      <Filter>Blocks\UI\src</Filter>
    </ClInclude>
    <ClInclude Include="..\..\..\..\blocks\UI\src\Radio.h">
      <Filter>Blocks\UI\src</Filter>
    </ClInclude>
    <ClInclude Include="..\..\..\..\blocks\UI\src\Range.h">
      <Filter>Blocks\UI\src</Filter>
    </ClInclude>
    <ClInclude Include="..\..\..\..\blocks\UI\src\RenderData.h">
      <Filter>Blocks\UI\src</Filter>
    </ClInclude>
    <ClInclude Include="..\..\..\..\blocks\UI\src\Responder.h">
      <Filter>Blocks\UI\src</Filter>
    </ClInclude>
    <ClInclude Include="..\..\..\..\blocks\UI\src\Slider.h">
      <Filter>Blocks\UI\src</Filter>
    </ClInclude>
    <ClInclude Include="..\..\..\..\blocks\UI\src\Spacer.h">
      <Filter>Blocks\UI\src</Filter>
    </ClInclude>
    <ClInclude Include="..\..\..\..\blocks\UI\src\Spectrum.h">
      <Filter>Blocks\UI\src</Filter>
    </ClInclude>
    <ClInclude Include="..\..\..\..\blocks\UI\src\States.h">
      <Filter>Blocks\UI\src</Filter>
    </ClInclude>
    <ClInclude Include="..\..\..\..\blocks\UI\src\SuperCanvas.h">
      <Filter>Blocks\UI\src</Filter>
    </ClInclude>
    <ClInclude Include="..\..\..\..\blocks\UI\src\TextInput.h">
      <Filter>Blocks\UI\src</Filter>
    </ClInclude>
    <ClInclude Include="..\..\..\..\blocks\UI\src\TextureView.h">
      <Filter>Blocks\UI\src</Filter>
    </ClInclude>
    <ClInclude Include="..\..\..\..\blocks\UI\src\Toggle.h">
      <Filter>Blocks\UI\src</Filter>
    </ClInclude>
    <ClInclude Include="..\..\..\..\blocks\UI\src\Triggers.h">
      <Filter>Blocks\UI\src</Filter>
    </ClInclude>
    <ClInclude Include="..\..\..\..\blocks\UI\src\UI.h">
      <Filter>Blocks\UI\src</Filter>
    </ClInclude>
    <ClInclude Include="..\..\..\..\blocks\UI\src\View.h">
      <Filter>Blocks\UI\src</Filter>
    </ClInclude>
    <ClInclude Include="..\..\..\..\blocks\UI\src\Waveform.h">
      <Filter>Blocks\UI\src</Filter>
    </ClInclude>
    <ClInclude Include="..\..\..\..\blocks\UI\src\WindowCanvas.h">
      <Filter>Blocks\UI\src</Filter>
    </ClInclude>
    <ClInclude Include="..\..\..\..\blocks\UI\src\XYPad.h">
      <Filter>Blocks\UI\src</Filter>
    </ClInclude>
    <ClCompile Include="..\..\..\..\blocks\UI\src\BSplineEditor.cpp">
      <Filter>Blocks\UI\src</Filter>
    </ClCompile>
    <ClCompile Include="..\..\..\..\blocks\UI\src\Button.cpp">
      <Filter>Blocks\UI\src</Filter>
    </ClCompile>
    <ClCompile Include="..\..\..\..\blocks\UI\src\Canvas.cpp">
      <Filter>Blocks\UI\src</Filter>
    </ClCompile>
    <ClCompile Include="..\..\..\..\blocks\UI\src\ColorPicker.cpp">
      <Filter>Blocks\UI\src</Filter>
    </ClCompile>
    <ClCompile Include="..\..\..\..\blocks\UI\src\Colors.cpp">
      <Filter>Blocks\UI\src</Filter>
    </ClCompile>
    <ClCompile Include="..\..\..\..\blocks\UI\src\Control.cpp">
      <Filter>Blocks\UI\src</Filter>
    </ClCompile>
    <ClCompile Include="..\..\..\..\blocks\UI\src\ControlWithLabel.cpp">
      <Filter>Blocks\UI\src</Filter>
    </ClCompile>
    <ClCompile Include="..\..\..\..\blocks\UI\src\Dialer.cpp">
      <Filter>Blocks\UI\src</Filter>
    </ClCompile>
    <ClCompile Include="..\..\..\..\blocks\UI\src\Envelope.cpp">
      <Filter>Blocks\UI\src</Filter>
    </ClCompile>
    <ClCompile Include="..\..\..\..\blocks\UI\src\Fps.cpp">
      <Filter>Blocks\UI\src</Filter>
    </ClCompile>
    <ClCompile Include="..\..\..\..\blocks\UI\src\Globals.cpp">
      <Filter>Blocks\UI\src</Filter>
    </ClCompile>
    <ClCompile Include="..\..\..\..\blocks\UI\src\Graph.cpp">
      <Filter>Blocks\UI\src</Filter>
    </ClCompile>
    <ClCompile Include="..\..\..\..\blocks\UI\src\Label.cpp">
      <Filter>Blocks\UI\src</Filter>
    </ClCompile>
    <ClCompile Include="..\..\..\..\blocks\UI\src\MultiSlider.cpp">
      <Filter>Blocks\UI\src</Filter>
    </ClCompile>
    <ClCompile Include="..\..\..\..\blocks\UI\src\Plotter.cpp">
      <Filter>Blocks\UI\src</Filter>
    </ClCompile>
    <ClCompile Include="..\..\..\..\blocks\UI\src\QuaternionOrderer.cpp">
      <Filter>Blocks\UI\src</Filter>
    </ClCompile>
    <ClCompile Include="..\..\..\..\blocks\UI\src\Radio.cpp">
      <Filter>Blocks\UI\src</Filter>
    </ClCompile>
    <ClCompile Include="..\..\..\..\blocks\UI\src\Range.cpp">
      <Filter>Blocks\UI\src</Filter>
    </ClCompile>
    <ClCompile Include="..\..\..\..\blocks\UI\src\Responder.cpp">
      <Filter>Blocks\UI\src</Filter>
    </ClCompile>
    <ClCompile Include="..\..\..\..\blocks\UI\src\Slider.cpp">
      <Filter>Blocks\UI\src</Filter>
    </ClCompile>
    <ClCompile Include="..\..\..\..\blocks\UI\src\Spacer.cpp">
      <Filter>Blocks\UI\src</Filter>
    </ClCompile>
    <ClCompile Include="..\..\..\..\blocks\UI\src\Spectrum.cpp">
      <Filter>Blocks\UI\src</Filter>
    </ClCompile>
    <ClCompile Include="..\..\..\..\blocks\UI\src\SuperCanvas.cpp">
      <Filter>Blocks\UI\src</Filter>
    </ClCompile>
    <ClCompile Include="..\..\..\..\blocks\UI\src\TextInput.cpp">
      <Filter>Blocks\UI\src</Filter>
    </ClCompile>
    <ClCompile Include="..\..\..\..\blocks\UI\src\TextureView.cpp">
      <Filter>Blocks\UI\src</Filter>
    </ClCompile>
    <ClCompile Include="..\..\..\..\blocks\UI\src\Toggle.cpp">
      <Filter>Blocks\UI\src</Filter>
    </ClCompile>
    <ClCompile Include="..\..\..\..\blocks\UI\src\View.cpp">
      <Filter>Blocks\UI\src</Filter>
    </ClCompile>
    <ClCompile Include="..\..\..\..\blocks\UI\src\Waveform.cpp">
      <Filter>Blocks\UI\src</Filter>
    </ClCompile>
    <ClCompile Include="..\..\..\..\blocks\UI\src\WindowCanvas.cpp">
      <Filter>Blocks\UI\src</Filter>
    </ClCompile>
    <ClCompile Include="..\..\..\..\blocks\UI\src\XYPad.cpp">
      <Filter>Blocks\UI\src</Filter>
    </ClCompile>
    <ClInclude Include="..\..\..\..\blocks\Watchdog\include\Watchdog.h">
      <Filter>Blocks\Watchdog\include</Filter>
    </ClInclude>
    <ClCompile Include="..\src\Transform.cpp">
      <Filter>Source Files</Filter>
    </ClCompile>
    <ClCompile Include="..\..\..\..\blocks\Tiler\src\Tiler.cpp">
      <Filter>Blocks\Tiler</Filter>
    </ClCompile>
    <ClInclude Include="..\..\..\..\blocks\SaveLoadCamera\src\SaveLoadCamera.h">
      <Filter>Blocks\SaveLoadCamera</Filter>
    </ClInclude>
    <ClInclude Include="..\..\..\..\blocks\SaveLoadWindow\src\SaveLoadWindow.h">
      <Filter>Blocks\SaveLoadWindow</Filter>
    </ClInclude>
    <ClInclude Include="..\..\..\..\blocks\AppUI\include\AppUI.h">
      <Filter>Blocks\AppUI</Filter>
    </ClInclude>
    <ClInclude Include="..\..\..\..\blocks\EasyCamera\include\EasyCamera.h">
      <Filter>Blocks\EasyCamera</Filter>
    </ClInclude>
    <ClInclude Include="..\..\..\..\blocks\LiveCode\include\LiveCode.h">
      <Filter>Blocks\LiveCode</Filter>
    </ClInclude>
    <ClInclude Include="..\..\..\..\blocks\AppPaths\include\Paths.h">
      <Filter>Blocks\AppPaths</Filter>
    </ClInclude>
    <ClInclude Include="..\..\..\..\blocks\MovieSaver\include\MovieSaver.h">
      <Filter>Blocks\MovieSaver</Filter>
    </ClInclude>
    <ClInclude Include="..\..\..\..\blocks\SequenceSaver\include\SequenceSaver.h">
      <Filter>Blocks\SequenceSaver</Filter>
    </ClInclude>
    <ClInclude Include="..\..\..\..\blocks\ImageSaver\include\ImageSaver.h">
      <Filter>Blocks\ImageSaver</Filter>
    </ClInclude>
    <ClInclude Include="..\..\..\..\blocks\ParticleSystem\include\ParticleSystem.h">
      <Filter>Blocks\ParticleSystem\Systems</Filter>
    </ClInclude>
    <ClInclude Include="..\..\..\..\blocks\ParticleSystem\include\PlexusSystem.h">
      <Filter>Blocks\ParticleSystem\Systems</Filter>
    </ClInclude>
    <ClInclude Include="..\..\..\..\blocks\ParticleSystem\include\System.h">
      <Filter>Blocks\ParticleSystem\Systems</Filter>
    </ClInclude>
    <ClInclude Include="..\..\..\..\blocks\ParticleSystem\include\TrailSystem.h">
      <Filter>Blocks\ParticleSystem\Systems</Filter>
    </ClInclude>
    <ClInclude Include="..\..\..\..\blocks\ParticleSystem\include\PlexusRenderer.h">
      <Filter>Blocks\ParticleSystem\Renderers</Filter>
    </ClInclude>
    <ClInclude Include="..\..\..\..\blocks\ParticleSystem\include\PointRenderer.h">
      <Filter>Blocks\ParticleSystem\Renderers</Filter>
    </ClInclude>
    <ClInclude Include="..\..\..\..\blocks\ParticleSystem\include\Renderer.h">
      <Filter>Blocks\ParticleSystem\Renderers</Filter>
    </ClInclude>
    <ClInclude Include="..\..\..\..\blocks\ParticleSystem\include\RibbonRenderer.h">
      <Filter>Blocks\ParticleSystem\Renderers</Filter>
    </ClInclude>
    <ClInclude Include="..\..\..\..\blocks\ParticleSystem\include\SpriteRenderer.h">
      <Filter>Blocks\ParticleSystem\Renderers</Filter>
    </ClInclude>
    <ClInclude Include="..\..\..\..\blocks\ParticleSystem\include\TrailPointRenderer.h">
      <Filter>Blocks\ParticleSystem\Renderers</Filter>
    </ClInclude>
    <ClInclude Include="..\..\..\..\blocks\ParticleSystem\include\PrimitiveRenderer.h">
      <Filter>Blocks\ParticleSystem\Renderers</Filter>
    </ClInclude>
    <ClInclude Include="..\include\RectRenderer.h">
      <Filter>Source Files</Filter>
    </ClInclude>
  </ItemGroup>
  <ItemGroup>
    <ClInclude Include="..\include\Resources.h">
      <Filter>Header Files</Filter>
    </ClInclude>
    <ClInclude Include="..\..\..\..\blocks\Tiler\src\Tiler.h">
      <Filter>Blocks\Tiler</Filter>
    </ClInclude>
  </ItemGroup>
  <ItemGroup>
    <ResourceCompile Include="Resources.rc">
      <Filter>Resource Files</Filter>
    </ResourceCompile>
  </ItemGroup>
  <ItemGroup>
    <ClCompile Include="..\..\..\..\blocks\SaveLoadCamera\src\SaveLoadCamera.cpp">
      <Filter>Blocks\SaveLoadCamera</Filter>
    </ClCompile>
    <ClCompile Include="..\..\..\..\blocks\SaveLoadWindow\src\SaveLoadWindow.cpp">
      <Filter>Blocks\SaveLoadWindow</Filter>
    </ClCompile>
    <ClCompile Include="..\..\..\..\blocks\AppUI\src\AppUI.cpp">
      <Filter>Blocks\AppUI</Filter>
    </ClCompile>
    <ClCompile Include="..\..\..\..\blocks\EasyCamera\src\EasyCamera.cpp">
      <Filter>Blocks\EasyCamera</Filter>
    </ClCompile>
    <ClCompile Include="..\..\..\..\blocks\LiveCode\src\LiveCode.cpp">
      <Filter>Blocks\LiveCode</Filter>
    </ClCompile>
    <ClCompile Include="..\..\..\..\blocks\AppPaths\src\Paths.cpp">
      <Filter>Blocks\AppPaths</Filter>
    </ClCompile>
    <ClCompile Include="..\..\..\..\blocks\MovieSaver\src\MovieSaver.cpp">
      <Filter>Blocks\MovieSaver</Filter>
    </ClCompile>
    <ClCompile Include="..\..\..\..\blocks\SequenceSaver\src\SequenceSaver.cpp">
      <Filter>Blocks\SequenceSaver</Filter>
    </ClCompile>
    <ClCompile Include="..\..\..\..\blocks\ImageSaver\src\ImageSaver.cpp">
      <Filter>Blocks\ImageSaver</Filter>
    </ClCompile>
    <ClCompile Include="..\..\..\..\blocks\ParticleSystem\src\ParticleSystem.cpp">
      <Filter>Blocks\ParticleSystem\Systems</Filter>
    </ClCompile>
    <ClCompile Include="..\..\..\..\blocks\ParticleSystem\src\PlexusSystem.cpp">
      <Filter>Blocks\ParticleSystem\Systems</Filter>
    </ClCompile>
    <ClCompile Include="..\..\..\..\blocks\ParticleSystem\src\System.cpp">
      <Filter>Blocks\ParticleSystem\Systems</Filter>
    </ClCompile>
    <ClCompile Include="..\..\..\..\blocks\ParticleSystem\src\TrailSystem.cpp">
      <Filter>Blocks\ParticleSystem\Systems</Filter>
    </ClCompile>
    <ClCompile Include="..\..\..\..\blocks\ParticleSystem\src\PlexusRenderer.cpp">
      <Filter>Blocks\ParticleSystem\Renderers</Filter>
    </ClCompile>
    <ClCompile Include="..\..\..\..\blocks\ParticleSystem\src\PointRenderer.cpp">
      <Filter>Blocks\ParticleSystem\Renderers</Filter>
    </ClCompile>
    <ClCompile Include="..\..\..\..\blocks\ParticleSystem\src\Renderer.cpp">
      <Filter>Blocks\ParticleSystem\Renderers</Filter>
    </ClCompile>
    <ClCompile Include="..\..\..\..\blocks\ParticleSystem\src\RibbonRenderer.cpp">
      <Filter>Blocks\ParticleSystem\Renderers</Filter>
    </ClCompile>
    <ClCompile Include="..\..\..\..\blocks\ParticleSystem\src\SpriteRenderer.cpp">
      <Filter>Blocks\ParticleSystem\Renderers</Filter>
    </ClCompile>
    <ClCompile Include="..\..\..\..\blocks\ParticleSystem\src\TrailPointRenderer.cpp">
      <Filter>Blocks\ParticleSystem\Renderers</Filter>
    </ClCompile>
    <ClCompile Include="..\..\..\..\blocks\ParticleSystem\src\PrimitiveRenderer.cpp">
      <Filter>Blocks\ParticleSystem\Renderers</Filter>
    </ClCompile>
    <ClCompile Include="..\src\RectRenderer.cpp">
      <Filter>Source Files</Filter>
    </ClCompile>
  </ItemGroup>
</Project>